{
  "name": "twitchbot",
  "version": "1.0.0",
  "lockfileVersion": 1,
  "requires": true,
  "dependencies": {
    "@types/node": {
      "version": "14.14.20",
      "resolved": "https://registry.npmjs.org/@types/node/-/node-14.14.20.tgz",
      "integrity": "sha512-Y93R97Ouif9JEOWPIUyU+eyIdyRqQR0I8Ez1dzku4hDx34NWh4HbtIc3WNzwB1Y9ULvNGeu5B8h8bVL5cAk4/A==",
      "dev": true
    },
    "@types/tmi.js": {
      "version": "1.7.0",
      "resolved": "https://registry.npmjs.org/@types/tmi.js/-/tmi.js-1.7.0.tgz",
      "integrity": "sha512-D9RuctHOsFLRLYauFXQIq1Uy7iL1A7MIyHZ5V8bTToZTMrY9tor4c4Yq9eAeJwrAad0gxhpbt3xjk+kZj7qdsQ==",
      "dev": true
    },
    "node-fetch": {
      "version": "2.6.1",
      "resolved": "https://registry.npmjs.org/node-fetch/-/node-fetch-2.6.1.tgz",
      "integrity": "sha512-V4aYg89jEoVRxRb2fJdAg8FHvI7cEyYdVAh94HH0UIK8oJxUfkjlDQN9RbMx+bEjP7+ggMiFRprSti032Oipxw=="
    },
    "tmi.js": {
      "version": "1.7.1",
      "resolved": "https://registry.npmjs.org/tmi.js/-/tmi.js-1.7.1.tgz",
      "integrity": "sha512-QCGDjVT0i8GZ99paBsaXDvd++A7PzW051S2BSXClMni5gDj5wUV6+YIZAwUtLkvbR/lD9QlqjNJloCNuFYGo+A==",
      "requires": {
        "node-fetch": "2.6.1",
        "ws": "7.4.0"
      }
    },
    "ws": {
      "version": "7.4.0",
      "resolved": "https://registry.npmjs.org/ws/-/ws-7.4.0.tgz",
      "integrity": "sha512-kyFwXuV/5ymf+IXhS6f0+eAFvydbaBW3zjpT6hUdAh/hbVjTIB5EHBGi0bPoCLSK2wcuz3BrEkB9LrYv1Nm4NQ=="
    }
  }
}
